// !$*UTF8*$!
{
	archiveVersion = 1;
	classes = {
	};
	objectVersion = 46;
	objects = {

/* Begin PBXBuildFile section */
		A73581811BF2A2D90022F541 /* AppDelegate.swift in Sources */ = {isa = PBXBuildFile; fileRef = A73581801BF2A2D90022F541 /* AppDelegate.swift */; };
		A73581831BF2A2D90022F541 /* ViewController.swift in Sources */ = {isa = PBXBuildFile; fileRef = A73581821BF2A2D90022F541 /* ViewController.swift */; };
		A73581861BF2A2D90022F541 /* Main.storyboard in Resources */ = {isa = PBXBuildFile; fileRef = A73581841BF2A2D90022F541 /* Main.storyboard */; };
		A73581881BF2A2DA0022F541 /* Assets.xcassets in Resources */ = {isa = PBXBuildFile; fileRef = A73581871BF2A2DA0022F541 /* Assets.xcassets */; };
		A735818B1BF2A2DA0022F541 /* LaunchScreen.storyboard in Resources */ = {isa = PBXBuildFile; fileRef = A73581891BF2A2DA0022F541 /* LaunchScreen.storyboard */; };
		A73581961BF2A2DA0022F541 /* HamburguerTests.swift in Sources */ = {isa = PBXBuildFile; fileRef = A73581951BF2A2DA0022F541 /* HamburguerTests.swift */; };
		A73581A11BF2A2DB0022F541 /* HamburguerUITests.swift in Sources */ = {isa = PBXBuildFile; fileRef = A73581A01BF2A2DB0022F541 /* HamburguerUITests.swift */; };
		A73581AF1BF2A3900022F541 /* Datos.swift in Sources */ = {isa = PBXBuildFile; fileRef = A73581AE1BF2A3900022F541 /* Datos.swift */; };
/* End PBXBuildFile section */

/* Begin PBXContainerItemProxy section */
		A73581921BF2A2DA0022F541 /* PBXContainerItemProxy */ = {
			isa = PBXContainerItemProxy;
			containerPortal = A73581751BF2A2D90022F541 /* Project object */;
			proxyType = 1;
			remoteGlobalIDString = A735817C1BF2A2D90022F541;
			remoteInfo = Hamburguer;
		};
		A735819D1BF2A2DB0022F541 /* PBXContainerItemProxy */ = {
			isa = PBXContainerItemProxy;
			containerPortal = A73581751BF2A2D90022F541 /* Project object */;
			proxyType = 1;
			remoteGlobalIDString = A735817C1BF2A2D90022F541;
			remoteInfo = Hamburguer;
		};
/* End PBXContainerItemProxy section */

/* Begin PBXFileReference section */
		A735817D1BF2A2D90022F541 /* Hamburguer.app */ = {isa = PBXFileReference; explicitFileType = wrapper.application; includeInIndex = 0; path = Hamburguer.app; sourceTree = BUILT_PRODUCTS_DIR; };
		A73581801BF2A2D90022F541 /* AppDelegate.swift */ = {isa = PBXFileReference; lastKnownFileType = sourcecode.swift; path = AppDelegate.swift; sourceTree = "<group>"; };
		A73581821BF2A2D90022F541 /* ViewController.swift */ = {isa = PBXFileReference; lastKnownFileType = sourcecode.swift; path = ViewController.swift; sourceTree = "<group>"; };
		A73581851BF2A2D90022F541 /* Base */ = {isa = PBXFileReference; lastKnownFileType = file.storyboard; name = Base; path = Base.lproj/Main.storyboard; sourceTree = "<group>"; };
		A73581871BF2A2DA0022F541 /* Assets.xcassets */ = {isa = PBXFileReference; lastKnownFileType = folder.assetcatalog; path = Assets.xcassets; sourceTree = "<group>"; };
		A735818A1BF2A2DA0022F541 /* Base */ = {isa = PBXFileReference; lastKnownFileType = file.storyboard; name = Base; path = Base.lproj/LaunchScreen.storyboard; sourceTree = "<group>"; };
		A735818C1BF2A2DA0022F541 /* Info.plist */ = {isa = PBXFileReference; lastKnownFileType = text.plist.xml; path = Info.plist; sourceTree = "<group>"; };
		A73581911BF2A2DA0022F541 /* HamburguerTests.xctest */ = {isa = PBXFileReference; explicitFileType = wrapper.cfbundle; includeInIndex = 0; path = HamburguerTests.xctest; sourceTree = BUILT_PRODUCTS_DIR; };
		A73581951BF2A2DA0022F541 /* HamburguerTests.swift */ = {isa = PBXFileReference; lastKnownFileType = sourcecode.swift; path = HamburguerTests.swift; sourceTree = "<group>"; };
		A73581971BF2A2DA0022F541 /* Info.plist */ = {isa = PBXFileReference; lastKnownFileType = text.plist.xml; path = Info.plist; sourceTree = "<group>"; };
		A735819C1BF2A2DB0022F541 /* HamburguerUITests.xctest */ = {isa = PBXFileReference; explicitFileType = wrapper.cfbundle; includeInIndex = 0; path = HamburguerUITests.xctest; sourceTree = BUILT_PRODUCTS_DIR; };
		A73581A01BF2A2DB0022F541 /* HamburguerUITests.swift */ = {isa = PBXFileReference; lastKnownFileType = sourcecode.swift; path = HamburguerUITests.swift; sourceTree = "<group>"; };
		A73581A21BF2A2DB0022F541 /* Info.plist */ = {isa = PBXFileReference; lastKnownFileType = text.plist.xml; path = Info.plist; sourceTree = "<group>"; };
		A73581AE1BF2A3900022F541 /* Datos.swift */ = {isa = PBXFileReference; fileEncoding = 4; lastKnownFileType = sourcecode.swift; path = Datos.swift; sourceTree = "<group>"; };
/* End PBXFileReference section */

/* Begin PBXFrameworksBuildPhase section */
		A735817A1BF2A2D90022F541 /* Frameworks */ = {
			isa = PBXFrameworksBuildPhase;
			buildActionMask = 2147483647;
			files = (
			);
			runOnlyForDeploymentPostprocessing = 0;
		};
		A735818E1BF2A2DA0022F541 /* Frameworks */ = {
			isa = PBXFrameworksBuildPhase;
			buildActionMask = 2147483647;
			files = (
			);
			runOnlyForDeploymentPostprocessing = 0;
		};
		A73581991BF2A2DA0022F541 /* Frameworks */ = {
			isa = PBXFrameworksBuildPhase;
			buildActionMask = 2147483647;
			files = (
			);
			runOnlyForDeploymentPostprocessing = 0;
		};
/* End PBXFrameworksBuildPhase section */

/* Begin PBXGroup section */
		A73581741BF2A2D90022F541 = {
			isa = PBXGroup;
			children = (
				A735817F1BF2A2D90022F541 /* Hamburguer */,
				A73581941BF2A2DA0022F541 /* HamburguerTests */,
				A735819F1BF2A2DB0022F541 /* HamburguerUITests */,
				A735817E1BF2A2D90022F541 /* Products */,
			);
			sourceTree = "<group>";
		};
		A735817E1BF2A2D90022F541 /* Products */ = {
			isa = PBXGroup;
			children = (
				A735817D1BF2A2D90022F541 /* Hamburguer.app */,
				A73581911BF2A2DA0022F541 /* HamburguerTests.xctest */,
				A735819C1BF2A2DB0022F541 /* HamburguerUITests.xctest */,
			);
			name = Products;
			sourceTree = "<group>";
		};
		A735817F1BF2A2D90022F541 /* Hamburguer */ = {
			isa = PBXGroup;
			children = (
				A73581801BF2A2D90022F541 /* AppDelegate.swift */,
				A73581821BF2A2D90022F541 /* ViewController.swift */,
				A73581841BF2A2D90022F541 /* Main.storyboard */,
				A73581871BF2A2DA0022F541 /* Assets.xcassets */,
				A73581891BF2A2DA0022F541 /* LaunchScreen.storyboard */,
				A735818C1BF2A2DA0022F541 /* Info.plist */,
				A73581AE1BF2A3900022F541 /* Datos.swift */,
			);
			path = Hamburguer;
			sourceTree = "<group>";
		};
		A73581941BF2A2DA0022F541 /* HamburguerTests */ = {
			isa = PBXGroup;
			children = (
				A73581951BF2A2DA0022F541 /* HamburguerTests.swift */,
				A73581971BF2A2DA0022F541 /* Info.plist */,
			);
			path = HamburguerTests;
			sourceTree = "<group>";
		};
		A735819F1BF2A2DB0022F541 /* HamburguerUITests */ = {
			isa = PBXGroup;
			children = (
				A73581A01BF2A2DB0022F541 /* HamburguerUITests.swift */,
				A73581A21BF2A2DB0022F541 /* Info.plist */,
			);
			path = HamburguerUITests;
			sourceTree = "<group>";
		};
/* End PBXGroup section */

/* Begin PBXNativeTarget section */
		A735817C1BF2A2D90022F541 /* Hamburguer */ = {
			isa = PBXNativeTarget;
			buildConfigurationList = A73581A51BF2A2DB0022F541 /* Build configuration list for PBXNativeTarget "Hamburguer" */;
			buildPhases = (
				A73581791BF2A2D90022F541 /* Sources */,
				A735817A1BF2A2D90022F541 /* Frameworks */,
				A735817B1BF2A2D90022F541 /* Resources */,
			);
			buildRules = (
			);
			dependencies = (
			);
			name = Hamburguer;
			productName = Hamburguer;
			productReference = A735817D1BF2A2D90022F541 /* Hamburguer.app */;
			productType = "com.apple.product-type.application";
		};
		A73581901BF2A2DA0022F541 /* HamburguerTests */ = {
			isa = PBXNativeTarget;
			buildConfigurationList = A73581A81BF2A2DB0022F541 /* Build configuration list for PBXNativeTarget "HamburguerTests" */;
			buildPhases = (
				A735818D1BF2A2DA0022F541 /* Sources */,
				A735818E1BF2A2DA0022F541 /* Frameworks */,
				A735818F1BF2A2DA0022F541 /* Resources */,
			);
			buildRules = (
			);
			dependencies = (
				A73581931BF2A2DA0022F541 /* PBXTargetDependency */,
			);
			name = HamburguerTests;
			productName = HamburguerTests;
			productReference = A73581911BF2A2DA0022F541 /* HamburguerTests.xctest */;
			productType = "com.apple.product-type.bundle.unit-test";
		};
		A735819B1BF2A2DA0022F541 /* HamburguerUITests */ = {
			isa = PBXNativeTarget;
			buildConfigurationList = A73581AB1BF2A2DB0022F541 /* Build configuration list for PBXNativeTarget "HamburguerUITests" */;
			buildPhases = (
				A73581981BF2A2DA0022F541 /* Sources */,
				A73581991BF2A2DA0022F541 /* Frameworks */,
				A735819A1BF2A2DA0022F541 /* Resources */,
			);
			buildRules = (
			);
			dependencies = (
				A735819E1BF2A2DB0022F541 /* PBXTargetDependency */,
			);
			name = HamburguerUITests;
			productName = HamburguerUITests;
			productReference = A735819C1BF2A2DB0022F541 /* HamburguerUITests.xctest */;
			productType = "com.apple.product-type.bundle.ui-testing";
		};
/* End PBXNativeTarget section */

/* Begin PBXProject section */
		A73581751BF2A2D90022F541 /* Project object */ = {
			isa = PBXProject;
			attributes = {
				LastSwiftUpdateCheck = 0710;
				LastUpgradeCheck = 0710;
				ORGANIZATIONNAME = "Valentín Rodriguez";
				TargetAttributes = {
					A735817C1BF2A2D90022F541 = {
						CreatedOnToolsVersion = 7.1;
					};
					A73581901BF2A2DA0022F541 = {
						CreatedOnToolsVersion = 7.1;
						TestTargetID = A735817C1BF2A2D90022F541;
					};
					A735819B1BF2A2DA0022F541 = {
						CreatedOnToolsVersion = 7.1;
						TestTargetID = A735817C1BF2A2D90022F541;
					};
				};
			};
			buildConfigurationList = A73581781BF2A2D90022F541 /* Build configuration list for PBXProject "Hamburguer" */;
			compatibilityVersion = "Xcode 3.2";
			developmentRegion = English;
			hasScannedForEncodings = 0;
			knownRegions = (
				en,
				Base,
			);
			mainGroup = A73581741BF2A2D90022F541;
			productRefGroup = A735817E1BF2A2D90022F541 /* Products */;
			projectDirPath = "";
			projectRoot = "";
			targets = (
				A735817C1BF2A2D90022F541 /* Hamburguer */,
				A73581901BF2A2DA0022F541 /* HamburguerTests */,
				A735819B1BF2A2DA0022F541 /* HamburguerUITests */,
			);
		};
/* End PBXProject section */

/* Begin PBXResourcesBuildPhase section */
		A735817B1BF2A2D90022F541 /* Resources */ = {
			isa = PBXResourcesBuildPhase;
			buildActionMask = 2147483647;
			files = (
				A735818B1BF2A2DA0022F541 /* LaunchScreen.storyboard in Resources */,
				A73581881BF2A2DA0022F541 /* Assets.xcassets in Resources */,
				A73581861BF2A2D90022F541 /* Main.storyboard in Resources */,
			);
			runOnlyForDeploymentPostprocessing = 0;
		};
		A735818F1BF2A2DA0022F541 /* Resources */ = {
			isa = PBXResourcesBuildPhase;
			buildActionMask = 2147483647;
			files = (
			);
			runOnlyForDeploymentPostprocessing = 0;
		};
		A735819A1BF2A2DA0022F541 /* Resources */ = {
			isa = PBXResourcesBuildPhase;
			buildActionMask = 2147483647;
			files = (
			);
			runOnlyForDeploymentPostprocessing = 0;
		};
/* End PBXResourcesBuildPhase section */

/* Begin PBXSourcesBuildPhase section */
		A73581791BF2A2D90022F541 /* Sources */ = {
			isa = PBXSourcesBuildPhase;
			buildActionMask = 2147483647;
			files = (
				A73581831BF2A2D90022F541 /* ViewController.swift in Sources */,
				A73581811BF2A2D90022F541 /* AppDelegate.swift in Sources */,
				A73581AF1BF2A3900022F541 /* Datos.swift in Sources */,
			);
			runOnlyForDeploymentPostprocessing = 0;
		};
		A735818D1BF2A2DA0022F541 /* Sources */ = {
			isa = PBXSourcesBuildPhase;
			buildActionMask = 2147483647;
			files = (
				A73581961BF2A2DA0022F541 /* HamburguerTests.swift in Sources */,
			);
			runOnlyForDeploymentPostprocessing = 0;
		};
		A73581981BF2A2DA0022F541 /* Sources */ = {
			isa = PBXSourcesBuildPhase;
			buildActionMask = 2147483647;
			files = (
				A73581A11BF2A2DB0022F541 /* HamburguerUITests.swift in Sources */,
			);
			runOnlyForDeploymentPostprocessing = 0;
		};
/* End PBXSourcesBuildPhase section */

/* Begin PBXTargetDependency section */
		A73581931BF2A2DA0022F541 /* PBXTargetDependency */ = {
			isa = PBXTargetDependency;
			target = A735817C1BF2A2D90022F541 /* Hamburguer */;
			targetProxy = A73581921BF2A2DA0022F541 /* PBXContainerItemProxy */;
		};
		A735819E1BF2A2DB0022F541 /* PBXTargetDependency */ = {
			isa = PBXTargetDependency;
			target = A735817C1BF2A2D90022F541 /* Hamburguer */;
			targetProxy = A735819D1BF2A2DB0022F541 /* PBXContainerItemProxy */;
		};
/* End PBXTargetDependency section */

/* Begin PBXVariantGroup section */
		A73581841BF2A2D90022F541 /* Main.storyboard */ = {
			isa = PBXVariantGroup;
			children = (
				A73581851BF2A2D90022F541 /* Base */,
			);
			name = Main.storyboard;
			sourceTree = "<group>";
		};
		A73581891BF2A2DA0022F541 /* LaunchScreen.storyboard */ = {
			isa = PBXVariantGroup;
			children = (
				A735818A1BF2A2DA0022F541 /* Base */,
			);
			name = LaunchScreen.storyboard;
			sourceTree = "<group>";
		};
/* End PBXVariantGroup section */

/* Begin XCBuildConfiguration section */
		A73581A31BF2A2DB0022F541 /* Debug */ = {
			isa = XCBuildConfiguration;
			buildSettings = {
				ALWAYS_SEARCH_USER_PATHS = NO;
				CLANG_CXX_LANGUAGE_STANDARD = "gnu++0x";
				CLANG_CXX_LIBRARY = "libc++";
				CLANG_ENABLE_MODULES = YES;
				CLANG_ENABLE_OBJC_ARC = YES;
				CLANG_WARN_BOOL_CONVERSION = YES;
				CLANG_WARN_CONSTANT_CONVERSION = YES;
				CLANG_WARN_DIRECT_OBJC_ISA_USAGE = YES_ERROR;
				CLANG_WARN_EMPTY_BODY = YES;
				CLANG_WARN_ENUM_CONVERSION = YES;
				CLANG_WARN_INT_CONVERSION = YES;
				CLANG_WARN_OBJC_ROOT_CLASS = YES_ERROR;
				CLANG_WARN_UNREACHABLE_CODE = YES;
				CLANG_WARN__DUPLICATE_METHOD_MATCH = YES;
				"CODE_SIGN_IDENTITY[sdk=iphoneos*]" = "iPhone Developer";
				COPY_PHASE_STRIP = NO;
				DEBUG_INFORMATION_FORMAT = dwarf;
				ENABLE_STRICT_OBJC_MSGSEND = YES;
				ENABLE_TESTABILITY = YES;
				GCC_C_LANGUAGE_STANDARD = gnu99;
				GCC_DYNAMIC_NO_PIC = NO;
				GCC_NO_COMMON_BLOCKS = YES;
				GCC_OPTIMIZATION_LEVEL = 0;
				GCC_PREPROCESSOR_DEFINITIONS = (
					"DEBUG=1",
					"$(inherited)",
				);
				GCC_WARN_64_TO_32_BIT_CONVERSION = YES;
				GCC_WARN_ABOUT_RETURN_TYPE = YES_ERROR;
				GCC_WARN_UNDECLARED_SELECTOR = YES;
				GCC_WARN_UNINITIALIZED_AUTOS = YES_AGGRESSIVE;
				GCC_WARN_UNUSED_FUNCTION = YES;
				GCC_WARN_UNUSED_VARIABLE = YES;
				IPHONEOS_DEPLOYMENT_TARGET = 9.1;
				MTL_ENABLE_DEBUG_INFO = YES;
				ONLY_ACTIVE_ARCH = YES;
				SDKROOT = iphoneos;
				SWIFT_OPTIMIZATION_LEVEL = "-Onone";
			};
			name = Debug;
		};
		A73581A41BF2A2DB0022F541 /* Release */ = {
			isa = XCBuildConfiguration;
			buildSettings = {
				ALWAYS_SEARCH_USER_PATHS = NO;
				CLANG_CXX_LANGUAGE_STANDARD = "gnu++0x";
				CLANG_CXX_LIBRARY = "libc++";
				CLANG_ENABLE_MODULES = YES;
				CLANG_ENABLE_OBJC_ARC = YES;
				CLANG_WARN_BOOL_CONVERSION = YES;
				CLANG_WARN_CONSTANT_CONVERSION = YES;
				CLANG_WARN_DIRECT_OBJC_ISA_USAGE = YES_ERROR;
				CLANG_WARN_EMPTY_BODY = YES;
				CLANG_WARN_ENUM_CONVERSION = YES;
				CLANG_WARN_INT_CONVERSION = YES;
				CLANG_WARN_OBJC_ROOT_CLASS = YES_ERROR;
				CLANG_WARN_UNREACHABLE_CODE = YES;
				CLANG_WARN__DUPLICATE_METHOD_MATCH = YES;
				"CODE_SIGN_IDENTITY[sdk=iphoneos*]" = "iPhone Developer";
				COPY_PHASE_STRIP = NO;
				DEBUG_INFORMATION_FORMAT = "dwarf-with-dsym";
				ENABLE_NS_ASSERTIONS = NO;
				ENABLE_STRICT_OBJC_MSGSEND = YES;
				GCC_C_LANGUAGE_STANDARD = gnu99;
				GCC_NO_COMMON_BLOCKS = YES;
				GCC_WARN_64_TO_32_BIT_CONVERSION = YES;
				GCC_WARN_ABOUT_RETURN_TYPE = YES_ERROR;
				GCC_WARN_UNDECLARED_SELECTOR = YES;
				GCC_WARN_UNINITIALIZED_AUTOS = YES_AGGRESSIVE;
				GCC_WARN_UNUSED_FUNCTION = YES;
				GCC_WARN_UNUSED_VARIABLE = YES;
				IPHONEOS_DEPLOYMENT_TARGET = 9.1;
				MTL_ENABLE_DEBUG_INFO = NO;
				SDKROOT = iphoneos;
				VALIDATE_PRODUCT = YES;
			};
			name = Release;
		};
		A73581A61BF2A2DB0022F541 /* Debug */ = {
			isa = XCBuildConfiguration;
			buildSettings = {
				ASSETCATALOG_COMPILER_APPICON_NAME = AppIcon;
				INFOPLIST_FILE = Hamburguer/Info.plist;
				LD_RUNPATH_SEARCH_PATHS = "$(inherited) @executable_path/Frameworks";
				PRODUCT_BUNDLE_IDENTIFIER = mx.valentin.Hamburguer;
				PRODUCT_NAME = "$(TARGET_NAME)";
			};
			name = Debug;
		};
		A73581A71BF2A2DB0022F541 /* Release */ = {
			isa = XCBuildConfiguration;
			buildSettings = {
				ASSETCATALOG_COMPILER_APPICON_NAME = AppIcon;
				INFOPLIST_FILE = Hamburguer/Info.plist;
				LD_RUNPATH_SEARCH_PATHS = "$(inherited) @executable_path/Frameworks";
				PRODUCT_BUNDLE_IDENTIFIER = mx.valentin.Hamburguer;
				PRODUCT_NAME = "$(TARGET_NAME)";
			};
			name = Release;
		};
		A73581A91BF2A2DB0022F541 /* Debug */ = {
			isa = XCBuildConfiguration;
			buildSettings = {
				BUNDLE_LOADER = "$(TEST_HOST)";
				INFOPLIST_FILE = HamburguerTests/Info.plist;
				LD_RUNPATH_SEARCH_PATHS = "$(inherited) @executable_path/Frameworks @loader_path/Frameworks";
				PRODUCT_BUNDLE_IDENTIFIER = mx.valentin.HamburguerTests;
				PRODUCT_NAME = "$(TARGET_NAME)";
				TEST_HOST = "$(BUILT_PRODUCTS_DIR)/Hamburguer.app/Hamburguer";
			};
			name = Debug;
		};
		A73581AA1BF2A2DB0022F541 /* Release */ = {
			isa = XCBuildConfiguration;
			buildSettings = {
				BUNDLE_LOADER = "$(TEST_HOST)";
				INFOPLIST_FILE = HamburguerTests/Info.plist;
				LD_RUNPATH_SEARCH_PATHS = "$(inherited) @executable_path/Frameworks @loader_path/Frameworks";
				PRODUCT_BUNDLE_IDENTIFIER = mx.valentin.HamburguerTests;
				PRODUCT_NAME = "$(TARGET_NAME)";
				TEST_HOST = "$(BUILT_PRODUCTS_DIR)/Hamburguer.app/Hamburguer";
			};
			name = Release;
		};
		A73581AC1BF2A2DB0022F541 /* Debug */ = {
			isa = XCBuildConfiguration;
			buildSettings = {
				INFOPLIST_FILE = HamburguerUITests/Info.plist;
				LD_RUNPATH_SEARCH_PATHS = "$(inherited) @executable_path/Frameworks @loader_path/Frameworks";
				PRODUCT_BUNDLE_IDENTIFIER = mx.valentin.HamburguerUITests;
				PRODUCT_NAME = "$(TARGET_NAME)";
				TEST_TARGET_NAME = Hamburguer;
				USES_XCTRUNNER = YES;
			};
			name = Debug;
		};
		A73581AD1BF2A2DB0022F541 /* Release */ = {
			isa = XCBuildConfiguration;
			buildSettings = {
				INFOPLIST_FILE = HamburguerUITests/Info.plist;
				LD_RUNPATH_SEARCH_PATHS = "$(inherited) @executable_path/Frameworks @loader_path/Frameworks";
				PRODUCT_BUNDLE_IDENTIFIER = mx.valentin.HamburguerUITests;
				PRODUCT_NAME = "$(TARGET_NAME)";
				TEST_TARGET_NAME = Hamburguer;
				USES_XCTRUNNER = YES;
			};
			name = Release;
		};
/* End XCBuildConfiguration section */

/* Begin XCConfigurationList section */
		A73581781BF2A2D90022F541 /* Build configuration list for PBXProject "Hamburguer" */ = {
			isa = XCConfigurationList;
			buildConfigurations = (
				A73581A31BF2A2DB0022F541 /* Debug */,
				A73581A41BF2A2DB0022F541 /* Release */,
			);
			defaultConfigurationIsVisible = 0;
			defaultConfigurationName = Release;
		};
		A73581A51BF2A2DB0022F541 /* Build configuration list for PBXNativeTarget "Hamburguer" */ = {
			isa = XCConfigurationList;
			buildConfigurations = (
				A73581A61BF2A2DB0022F541 /* Debug */,
				A73581A71BF2A2DB0022F541 /* Release */,
			);
			defaultConfigurationIsVisible = 0;
		};
		A73581A81BF2A2DB0022F541 /* Build configuration list for PBXNativeTarget "HamburguerTests" */ = {
			isa = XCConfigurationList;
			buildConfigurations = (
				A73581A91BF2A2DB0022F541 /* Debug */,
				A73581AA1BF2A2DB0022F541 /* Release */,
			);
			defaultConfigurationIsVisible = 0;
		};
		A73581AB1BF2A2DB0022F541 /* Build configuration list for PBXNativeTarget "HamburguerUITests" */ = {
			isa = XCConfigurationList;
			buildConfigurations = (
				A73581AC1BF2A2DB0022F541 /* Debug */,
				A73581AD1BF2A2DB0022F541 /* Release */,
			);
			defaultConfigurationIsVisible = 0;
		};
/* End XCConfigurationList section */
	};
	rootObject = A73581751BF2A2D90022F541 /* Project object */;
}
